
Microsoft Visual Studio Solution File, Format Version 12.00
# Visual Studio Version 18
VisualStudioVersion = 18.1.11312.151 d18.0
MinimumVisualStudioVersion = 10.0.40219.1
Project("{FAE04EC0-301F-11D3-BF4B-00C04F79EFBC}") = "Fixation", "Fixation.csproj", "{BB810D0C-20ED-4F42-A052-28862AEBF11E}"
EndProject
Global
	GlobalSection(SolutionConfigurationPlatforms) = preSolution
		Debug|Any CPU = Debug|Any CPU
		ExportDebug|Any CPU = ExportDebug|Any CPU
		ExportRelease|Any CPU = ExportRelease|Any CPU
	EndGlobalSection
	GlobalSection(ProjectConfigurationPlatforms) = postSolution
		{BB810D0C-20ED-4F42-A052-28862AEBF11E}.Debug|Any CPU.ActiveCfg = Debug|Any CPU
		{BB810D0C-20ED-4F42-A052-28862AEBF11E}.Debug|Any CPU.Build.0 = Debug|Any CPU
		{BB810D0C-20ED-4F42-A052-28862AEBF11E}.ExportDebug|Any CPU.ActiveCfg = ExportDebug|Any CPU
		{BB810D0C-20ED-4F42-A052-28862AEBF11E}.ExportDebug|Any CPU.Build.0 = ExportDebug|Any CPU
		{BB810D0C-20ED-4F42-A052-28862AEBF11E}.ExportRelease|Any CPU.ActiveCfg = ExportRelease|Any CPU
		{BB810D0C-20ED-4F42-A052-28862AEBF11E}.ExportRelease|Any CPU.Build.0 = ExportRelease|Any CPU
	EndGlobalSection
	GlobalSection(SolutionProperties) = preSolution
		HideSolutionNode = FALSE
	EndGlobalSection
EndGlobal
